
Microsoft Visual Studio Solution File, Format Version 12.00
# Visual Studio 15
VisualStudioVersion = 15.0.28010.2003
MinimumVisualStudioVersion = 10.0.40219.1
Project("{FAE04EC0-301F-11D3-BF4B-00C04F79EFBC}") = "Algorithm_FullDemo", "Algorithm_FullDemo\Algorithm_FullDemo.csproj", "{C1A8C252-E0ED-46DE-9574-65FA4AEE4D9F}"
EndProject
Global
	GlobalSection(SolutionConfigurationPlatforms) = preSolution
		Debug|Any CPU = Debug|Any CPU
		Release|Any CPU = Release|Any CPU
	EndGlobalSection
	GlobalSection(ProjectConfigurationPlatforms) = postSolution
		{C1A8C252-E0ED-46DE-9574-65FA4AEE4D9F}.Debug|Any CPU.ActiveCfg = Debug|Any CPU
		{C1A8C252-E0ED-46DE-9574-65FA4AEE4D9F}.Debug|Any CPU.Build.0 = Debug|Any CPU
		{C1A8C252-E0ED-46DE-9574-65FA4AEE4D9F}.Release|Any CPU.ActiveCfg = Release|Any CPU
		{C1A8C252-E0ED-46DE-9574-65FA4AEE4D9F}.Release|Any CPU.Build.0 = Release|Any CPU
	EndGlobalSection
	GlobalSection(SolutionProperties) = preSolution
		HideSolutionNode = FALSE
	EndGlobalSection
	GlobalSection(ExtensibilityGlobals) = postSolution
		SolutionGuid = {5FF465DB-9A24-436E-9ECA-E3ED2925A62C}
	EndGlobalSection
EndGlobal
